
Microsoft Visual Studio Solution File, Format Version 12.00
# Visual Studio Version 16
VisualStudioVersion = 16.0.31702.278
MinimumVisualStudioVersion = 10.0.40219.1
Project("{FAE04EC0-301F-11D3-BF4B-00C04F79EFBC}") = "Il tuo nome Star Wars", "Il tuo nome Star Wars\Il tuo nome Star Wars.csproj", "{D850B4FE-1F85-464A-93C1-CB36CC0038C0}"
EndProject
Global
	GlobalSection(SolutionConfigurationPlatforms) = preSolution
		Debug|Any CPU = Debug|Any CPU
		Release|Any CPU = Release|Any CPU
	EndGlobalSection
	GlobalSection(ProjectConfigurationPlatforms) = postSolution
		{D850B4FE-1F85-464A-93C1-CB36CC0038C0}.Debug|Any CPU.ActiveCfg = Debug|Any CPU
		{D850B4FE-1F85-464A-93C1-CB36CC0038C0}.Debug|Any CPU.Build.0 = Debug|Any CPU
		{D850B4FE-1F85-464A-93C1-CB36CC0038C0}.Release|Any CPU.ActiveCfg = Release|Any CPU
		{D850B4FE-1F85-464A-93C1-CB36CC0038C0}.Release|Any CPU.Build.0 = Release|Any CPU
	EndGlobalSection
	GlobalSection(SolutionProperties) = preSolution
		HideSolutionNode = FALSE
	EndGlobalSection
	GlobalSection(ExtensibilityGlobals) = postSolution
		SolutionGuid = {810AFF40-E3D3-4651-A78F-B51F39F783B4}
	EndGlobalSection
EndGlobal
